
Microsoft Visual Studio Solution File, Format Version 12.00
# Visual Studio Version 16
VisualStudioVersion = 16.0.30503.244
MinimumVisualStudioVersion = 10.0.40219.1
Project("{FAE04EC0-301F-11D3-BF4B-00C04F79EFBC}") = "RobotRoutingAPI", "RobotRoutingAPI\RobotRoutingAPI.csproj", "{8792F5AB-EDE1-4C56-B88D-BAE52D10F414}"
EndProject
Global
	GlobalSection(SolutionConfigurationPlatforms) = preSolution
		Debug|Any CPU = Debug|Any CPU
		Release|Any CPU = Release|Any CPU
	EndGlobalSection
	GlobalSection(ProjectConfigurationPlatforms) = postSolution
		{8792F5AB-EDE1-4C56-B88D-BAE52D10F414}.Debug|Any CPU.ActiveCfg = Debug|Any CPU
		{8792F5AB-EDE1-4C56-B88D-BAE52D10F414}.Debug|Any CPU.Build.0 = Debug|Any CPU
		{8792F5AB-EDE1-4C56-B88D-BAE52D10F414}.Release|Any CPU.ActiveCfg = Release|Any CPU
		{8792F5AB-EDE1-4C56-B88D-BAE52D10F414}.Release|Any CPU.Build.0 = Release|Any CPU
	EndGlobalSection
	GlobalSection(SolutionProperties) = preSolution
		HideSolutionNode = FALSE
	EndGlobalSection
	GlobalSection(ExtensibilityGlobals) = postSolution
		SolutionGuid = {93480463-6729-48F2-964D-275F2B0891F0}
	EndGlobalSection
EndGlobal
